
Microsoft Visual Studio Solution File, Format Version 12.00
# Visual Studio Version 17
VisualStudioVersion = 17.4.33205.214
MinimumVisualStudioVersion = 10.0.40219.1
Project("{FAE04EC0-301F-11D3-BF4B-00C04F79EFBC}") = "Practice", "Practice.csproj", "{96988E93-6E8A-4906-B582-E3C41CCD5CBA}"
EndProject
Global
	GlobalSection(SolutionConfigurationPlatforms) = preSolution
		Debug|Any CPU = Debug|Any CPU
		Release|Any CPU = Release|Any CPU
	EndGlobalSection
	GlobalSection(ProjectConfigurationPlatforms) = postSolution
		{96988E93-6E8A-4906-B582-E3C41CCD5CBA}.Debug|Any CPU.ActiveCfg = Debug|Any CPU
		{96988E93-6E8A-4906-B582-E3C41CCD5CBA}.Debug|Any CPU.Build.0 = Debug|Any CPU
		{96988E93-6E8A-4906-B582-E3C41CCD5CBA}.Release|Any CPU.ActiveCfg = Release|Any CPU
		{96988E93-6E8A-4906-B582-E3C41CCD5CBA}.Release|Any CPU.Build.0 = Release|Any CPU
	EndGlobalSection
	GlobalSection(SolutionProperties) = preSolution
		HideSolutionNode = FALSE
	EndGlobalSection
	GlobalSection(ExtensibilityGlobals) = postSolution
		SolutionGuid = {E7D7F1C2-D20E-41FF-BF70-2A087B0E80F3}
	EndGlobalSection
EndGlobal
