
Microsoft Visual Studio Solution File, Format Version 12.00
# Visual Studio Version 17
VisualStudioVersion = 17.4.33205.214
MinimumVisualStudioVersion = 10.0.40219.1
Project("{FAE04EC0-301F-11D3-BF4B-00C04F79EFBC}") = "Programacion", "Programacion\Programacion.csproj", "{5CDCD498-56C5-4076-A770-CC0488CD36DB}"
EndProject
Global
	GlobalSection(SolutionConfigurationPlatforms) = preSolution
		Debug|Any CPU = Debug|Any CPU
		Release|Any CPU = Release|Any CPU
	EndGlobalSection
	GlobalSection(ProjectConfigurationPlatforms) = postSolution
		{5CDCD498-56C5-4076-A770-CC0488CD36DB}.Debug|Any CPU.ActiveCfg = Debug|Any CPU
		{5CDCD498-56C5-4076-A770-CC0488CD36DB}.Debug|Any CPU.Build.0 = Debug|Any CPU
		{5CDCD498-56C5-4076-A770-CC0488CD36DB}.Release|Any CPU.ActiveCfg = Release|Any CPU
		{5CDCD498-56C5-4076-A770-CC0488CD36DB}.Release|Any CPU.Build.0 = Release|Any CPU
	EndGlobalSection
	GlobalSection(SolutionProperties) = preSolution
		HideSolutionNode = FALSE
	EndGlobalSection
	GlobalSection(ExtensibilityGlobals) = postSolution
		SolutionGuid = {0A78A77A-0FC6-49BB-BCA8-D6151CA3A300}
	EndGlobalSection
EndGlobal
