
Microsoft Visual Studio Solution File, Format Version 12.00
# Visual Studio Version 17
VisualStudioVersion = 17.4.33205.214
MinimumVisualStudioVersion = 10.0.40219.1
Project("{FAE04EC0-301F-11D3-BF4B-00C04F79EFBC}") = "APIPRUEBAS", "APIPRUEBAS.csproj", "{ABEA8E5C-2C7E-4877-A9F5-4DBAF4A7462A}"
EndProject
Global
	GlobalSection(SolutionConfigurationPlatforms) = preSolution
		Debug|Any CPU = Debug|Any CPU
		Release|Any CPU = Release|Any CPU
	EndGlobalSection
	GlobalSection(ProjectConfigurationPlatforms) = postSolution
		{ABEA8E5C-2C7E-4877-A9F5-4DBAF4A7462A}.Debug|Any CPU.ActiveCfg = Debug|Any CPU
		{ABEA8E5C-2C7E-4877-A9F5-4DBAF4A7462A}.Debug|Any CPU.Build.0 = Debug|Any CPU
		{ABEA8E5C-2C7E-4877-A9F5-4DBAF4A7462A}.Release|Any CPU.ActiveCfg = Release|Any CPU
		{ABEA8E5C-2C7E-4877-A9F5-4DBAF4A7462A}.Release|Any CPU.Build.0 = Release|Any CPU
	EndGlobalSection
	GlobalSection(SolutionProperties) = preSolution
		HideSolutionNode = FALSE
	EndGlobalSection
	GlobalSection(ExtensibilityGlobals) = postSolution
		SolutionGuid = {B069AD6A-0BA5-43E7-8D05-E616CC5C364D}
	EndGlobalSection
EndGlobal
