
Microsoft Visual Studio Solution File, Format Version 12.00
# Visual Studio Version 17
VisualStudioVersion = 17.4.33205.214
MinimumVisualStudioVersion = 10.0.40219.1
Project("{FAE04EC0-301F-11D3-BF4B-00C04F79EFBC}") = "ExpresionesLambda", "ExpresionesLambda.csproj", "{839C5757-6CD4-44D6-98DE-70978FE174E3}"
EndProject
Global
	GlobalSection(SolutionConfigurationPlatforms) = preSolution
		Debug|Any CPU = Debug|Any CPU
		Release|Any CPU = Release|Any CPU
	EndGlobalSection
	GlobalSection(ProjectConfigurationPlatforms) = postSolution
		{839C5757-6CD4-44D6-98DE-70978FE174E3}.Debug|Any CPU.ActiveCfg = Debug|Any CPU
		{839C5757-6CD4-44D6-98DE-70978FE174E3}.Debug|Any CPU.Build.0 = Debug|Any CPU
		{839C5757-6CD4-44D6-98DE-70978FE174E3}.Release|Any CPU.ActiveCfg = Release|Any CPU
		{839C5757-6CD4-44D6-98DE-70978FE174E3}.Release|Any CPU.Build.0 = Release|Any CPU
	EndGlobalSection
	GlobalSection(SolutionProperties) = preSolution
		HideSolutionNode = FALSE
	EndGlobalSection
	GlobalSection(ExtensibilityGlobals) = postSolution
		SolutionGuid = {8B66984A-7D5D-4BA5-A1B5-7C78C280B793}
	EndGlobalSection
EndGlobal
