
Microsoft Visual Studio Solution File, Format Version 12.00
# Visual Studio Version 17
VisualStudioVersion = 17.4.33205.214
MinimumVisualStudioVersion = 10.0.40219.1
Project("{FAE04EC0-301F-11D3-BF4B-00C04F79EFBC}") = "CustomersApi", "CustomersApi\CustomersApi.csproj", "{32DC21AC-99B5-49A0-962D-8B8C025E6029}"
EndProject
Global
	GlobalSection(SolutionConfigurationPlatforms) = preSolution
		Debug|Any CPU = Debug|Any CPU
		Release|Any CPU = Release|Any CPU
	EndGlobalSection
	GlobalSection(ProjectConfigurationPlatforms) = postSolution
		{32DC21AC-99B5-49A0-962D-8B8C025E6029}.Debug|Any CPU.ActiveCfg = Debug|Any CPU
		{32DC21AC-99B5-49A0-962D-8B8C025E6029}.Debug|Any CPU.Build.0 = Debug|Any CPU
		{32DC21AC-99B5-49A0-962D-8B8C025E6029}.Release|Any CPU.ActiveCfg = Release|Any CPU
		{32DC21AC-99B5-49A0-962D-8B8C025E6029}.Release|Any CPU.Build.0 = Release|Any CPU
	EndGlobalSection
	GlobalSection(SolutionProperties) = preSolution
		HideSolutionNode = FALSE
	EndGlobalSection
	GlobalSection(ExtensibilityGlobals) = postSolution
		SolutionGuid = {FB4FABE0-6DB0-47AC-A34C-A70DA9F13FFA}
	EndGlobalSection
EndGlobal
