
Microsoft Visual Studio Solution File, Format Version 12.00
# Visual Studio Version 17
VisualStudioVersion = 17.4.33205.214
MinimumVisualStudioVersion = 10.0.40219.1
Project("{FAE04EC0-301F-11D3-BF4B-00C04F79EFBC}") = "Juansubas.WorkerService", "Juansubas.WorkerService.csproj", "{5FBD3DBF-33A0-47DD-9E8E-E5C85F2D4657}"
EndProject
Global
	GlobalSection(SolutionConfigurationPlatforms) = preSolution
		Debug|Any CPU = Debug|Any CPU
		Release|Any CPU = Release|Any CPU
	EndGlobalSection
	GlobalSection(ProjectConfigurationPlatforms) = postSolution
		{5FBD3DBF-33A0-47DD-9E8E-E5C85F2D4657}.Debug|Any CPU.ActiveCfg = Debug|Any CPU
		{5FBD3DBF-33A0-47DD-9E8E-E5C85F2D4657}.Debug|Any CPU.Build.0 = Debug|Any CPU
		{5FBD3DBF-33A0-47DD-9E8E-E5C85F2D4657}.Release|Any CPU.ActiveCfg = Release|Any CPU
		{5FBD3DBF-33A0-47DD-9E8E-E5C85F2D4657}.Release|Any CPU.Build.0 = Release|Any CPU
	EndGlobalSection
	GlobalSection(SolutionProperties) = preSolution
		HideSolutionNode = FALSE
	EndGlobalSection
	GlobalSection(ExtensibilityGlobals) = postSolution
		SolutionGuid = {14BB3468-D660-4F6D-A369-5A5597CAEBC2}
	EndGlobalSection
EndGlobal
