
Microsoft Visual Studio Solution File, Format Version 12.00
# Visual Studio Version 17
VisualStudioVersion = 17.4.33205.214
MinimumVisualStudioVersion = 10.0.40219.1
Project("{FAE04EC0-301F-11D3-BF4B-00C04F79EFBC}") = "GenericosRestricciones", "GenericosRestricciones.csproj", "{768A4A9A-1F4A-4579-B19F-43C757B1153F}"
EndProject
Global
	GlobalSection(SolutionConfigurationPlatforms) = preSolution
		Debug|Any CPU = Debug|Any CPU
		Release|Any CPU = Release|Any CPU
	EndGlobalSection
	GlobalSection(ProjectConfigurationPlatforms) = postSolution
		{768A4A9A-1F4A-4579-B19F-43C757B1153F}.Debug|Any CPU.ActiveCfg = Debug|Any CPU
		{768A4A9A-1F4A-4579-B19F-43C757B1153F}.Debug|Any CPU.Build.0 = Debug|Any CPU
		{768A4A9A-1F4A-4579-B19F-43C757B1153F}.Release|Any CPU.ActiveCfg = Release|Any CPU
		{768A4A9A-1F4A-4579-B19F-43C757B1153F}.Release|Any CPU.Build.0 = Release|Any CPU
	EndGlobalSection
	GlobalSection(SolutionProperties) = preSolution
		HideSolutionNode = FALSE
	EndGlobalSection
	GlobalSection(ExtensibilityGlobals) = postSolution
		SolutionGuid = {1EF63D20-3130-48F4-84C4-989B64E60432}
	EndGlobalSection
EndGlobal
